
Microsoft Visual Studio Solution File, Format Version 12.00
# Visual Studio Version 17
VisualStudioVersion = 17.3.32819.101
MinimumVisualStudioVersion = 10.0.40219.1
Project("{FAE04EC0-301F-11D3-BF4B-00C04F79EFBC}") = "BasicProgram195AddressBookUC4", "BasicProgram195AddressBookUC4.csproj", "{F0EF007D-84A1-4633-A401-D98F9B6BEF11}"
EndProject
Global
	GlobalSection(SolutionConfigurationPlatforms) = preSolution
		Debug|Any CPU = Debug|Any CPU
		Release|Any CPU = Release|Any CPU
	EndGlobalSection
	GlobalSection(ProjectConfigurationPlatforms) = postSolution
		{F0EF007D-84A1-4633-A401-D98F9B6BEF11}.Debug|Any CPU.ActiveCfg = Debug|Any CPU
		{F0EF007D-84A1-4633-A401-D98F9B6BEF11}.Debug|Any CPU.Build.0 = Debug|Any CPU
		{F0EF007D-84A1-4633-A401-D98F9B6BEF11}.Release|Any CPU.ActiveCfg = Release|Any CPU
		{F0EF007D-84A1-4633-A401-D98F9B6BEF11}.Release|Any CPU.Build.0 = Release|Any CPU
	EndGlobalSection
	GlobalSection(SolutionProperties) = preSolution
		HideSolutionNode = FALSE
	EndGlobalSection
	GlobalSection(ExtensibilityGlobals) = postSolution
		SolutionGuid = {AD193960-312D-45EA-A862-F5E138968958}
	EndGlobalSection
EndGlobal
