
Microsoft Visual Studio Solution File, Format Version 12.00
# Visual Studio Version 17
VisualStudioVersion = 17.3.32819.101
MinimumVisualStudioVersion = 10.0.40219.1
Project("{FAE04EC0-301F-11D3-BF4B-00C04F79EFBC}") = "BasicProgram195AddressBookUC5", "BasicProgram195AddressBookUC5.csproj", "{4D5CF9BD-5071-4CFB-B505-49289204F329}"
EndProject
Global
	GlobalSection(SolutionConfigurationPlatforms) = preSolution
		Debug|Any CPU = Debug|Any CPU
		Release|Any CPU = Release|Any CPU
	EndGlobalSection
	GlobalSection(ProjectConfigurationPlatforms) = postSolution
		{4D5CF9BD-5071-4CFB-B505-49289204F329}.Debug|Any CPU.ActiveCfg = Debug|Any CPU
		{4D5CF9BD-5071-4CFB-B505-49289204F329}.Debug|Any CPU.Build.0 = Debug|Any CPU
		{4D5CF9BD-5071-4CFB-B505-49289204F329}.Release|Any CPU.ActiveCfg = Release|Any CPU
		{4D5CF9BD-5071-4CFB-B505-49289204F329}.Release|Any CPU.Build.0 = Release|Any CPU
	EndGlobalSection
	GlobalSection(SolutionProperties) = preSolution
		HideSolutionNode = FALSE
	EndGlobalSection
	GlobalSection(ExtensibilityGlobals) = postSolution
		SolutionGuid = {1753F9FF-2AF4-4D58-8A38-2DC6478965A8}
	EndGlobalSection
EndGlobal
