
Microsoft Visual Studio Solution File, Format Version 12.00
# Visual Studio Version 17
VisualStudioVersion = 17.3.32819.101
MinimumVisualStudioVersion = 10.0.40219.1
Project("{FAE04EC0-301F-11D3-BF4B-00C04F79EFBC}") = "BasicProgram195AddressBookUC3", "BasicProgram195AddressBookUC3.csproj", "{E328F069-723F-4A9A-9DAE-0AEFEF46D122}"
EndProject
Global
	GlobalSection(SolutionConfigurationPlatforms) = preSolution
		Debug|Any CPU = Debug|Any CPU
		Release|Any CPU = Release|Any CPU
	EndGlobalSection
	GlobalSection(ProjectConfigurationPlatforms) = postSolution
		{E328F069-723F-4A9A-9DAE-0AEFEF46D122}.Debug|Any CPU.ActiveCfg = Debug|Any CPU
		{E328F069-723F-4A9A-9DAE-0AEFEF46D122}.Debug|Any CPU.Build.0 = Debug|Any CPU
		{E328F069-723F-4A9A-9DAE-0AEFEF46D122}.Release|Any CPU.ActiveCfg = Release|Any CPU
		{E328F069-723F-4A9A-9DAE-0AEFEF46D122}.Release|Any CPU.Build.0 = Release|Any CPU
	EndGlobalSection
	GlobalSection(SolutionProperties) = preSolution
		HideSolutionNode = FALSE
	EndGlobalSection
	GlobalSection(ExtensibilityGlobals) = postSolution
		SolutionGuid = {84C13C9C-009A-4FE3-810E-FDF0742A44A8}
	EndGlobalSection
EndGlobal
