
Microsoft Visual Studio Solution File, Format Version 12.00
# Visual Studio Version 17
VisualStudioVersion = 17.3.32819.101
MinimumVisualStudioVersion = 10.0.40219.1
Project("{FAE04EC0-301F-11D3-BF4B-00C04F79EFBC}") = "BasicProgram195AddresBookUC2", "BasicProgram195AddresBookUC2.csproj", "{663E020B-1176-41A1-A847-1197CBC3BCF6}"
EndProject
Global
	GlobalSection(SolutionConfigurationPlatforms) = preSolution
		Debug|Any CPU = Debug|Any CPU
		Release|Any CPU = Release|Any CPU
	EndGlobalSection
	GlobalSection(ProjectConfigurationPlatforms) = postSolution
		{663E020B-1176-41A1-A847-1197CBC3BCF6}.Debug|Any CPU.ActiveCfg = Debug|Any CPU
		{663E020B-1176-41A1-A847-1197CBC3BCF6}.Debug|Any CPU.Build.0 = Debug|Any CPU
		{663E020B-1176-41A1-A847-1197CBC3BCF6}.Release|Any CPU.ActiveCfg = Release|Any CPU
		{663E020B-1176-41A1-A847-1197CBC3BCF6}.Release|Any CPU.Build.0 = Release|Any CPU
	EndGlobalSection
	GlobalSection(SolutionProperties) = preSolution
		HideSolutionNode = FALSE
	EndGlobalSection
	GlobalSection(ExtensibilityGlobals) = postSolution
		SolutionGuid = {4708F11F-5211-4160-BD21-0A5F53B39463}
	EndGlobalSection
EndGlobal
